// !$*UTF8*$!
{
	archiveVersion = 1;
	classes = {
	};
	objectVersion = 55;
	objects = {

/* Begin PBXBuildFile section */
		2A13CA8228896F5500D85A72 /* ProfileViewController.xib in Resources */ = {isa = PBXBuildFile; fileRef = 2A13CA7B28896F5500D85A72 /* ProfileViewController.xib */; };
		2A13CA8328896F5500D85A72 /* RestaurantViewController.xib in Resources */ = {isa = PBXBuildFile; fileRef = 2A13CA7C28896F5500D85A72 /* RestaurantViewController.xib */; };
		2A13CA8428896F5500D85A72 /* ProfileViewController.swift in Sources */ = {isa = PBXBuildFile; fileRef = 2A13CA7D28896F5500D85A72 /* ProfileViewController.swift */; };
		2A13CA8728896F5500D85A72 /* RestaurantViewController.swift in Sources */ = {isa = PBXBuildFile; fileRef = 2A13CA8028896F5500D85A72 /* RestaurantViewController.swift */; };
		2A13CA8B28896FD700D85A72 /* MessageViewController.swift in Sources */ = {isa = PBXBuildFile; fileRef = 2A13CA8A28896FD700D85A72 /* MessageViewController.swift */; };
		2A13CA8F28896FDA00D85A72 /* DetailsMessageViewController.swift in Sources */ = {isa = PBXBuildFile; fileRef = 2A13CA8D28896FDA00D85A72 /* DetailsMessageViewController.swift */; };
		2A4402DB288E2AC30066442C /* MatchViewController.swift in Sources */ = {isa = PBXBuildFile; fileRef = 2A4402D9288E2AC30066442C /* MatchViewController.swift */; };
		2A4402DC288E2AC30066442C /* MatchViewController.xib in Resources */ = {isa = PBXBuildFile; fileRef = 2A4402DA288E2AC30066442C /* MatchViewController.xib */; };
		BF3E72312887571C00C9B79A /* RestaurantLikeByUser.swift in Sources */ = {isa = PBXBuildFile; fileRef = BF3E72302887571C00C9B79A /* RestaurantLikeByUser.swift */; };
		BF3E72332888E72800C9B79A /* UserWebService.swift in Sources */ = {isa = PBXBuildFile; fileRef = BF3E72322888E72800C9B79A /* UserWebService.swift */; };
		BF3E72352888E73600C9B79A /* AuthWebService.swift in Sources */ = {isa = PBXBuildFile; fileRef = BF3E72342888E73600C9B79A /* AuthWebService.swift */; };
		BF3E72372888E74500C9B79A /* RestaurantLikeWebService.swift in Sources */ = {isa = PBXBuildFile; fileRef = BF3E72362888E74500C9B79A /* RestaurantLikeWebService.swift */; };
		BF3E72392888E75300C9B79A /* UserLikeWebService.swift in Sources */ = {isa = PBXBuildFile; fileRef = BF3E72382888E75300C9B79A /* UserLikeWebService.swift */; };
		BF3E723B28897EE500C9B79A /* Message.swift in Sources */ = {isa = PBXBuildFile; fileRef = BF3E723A28897EE500C9B79A /* Message.swift */; };
		BF3E723D2889800700C9B79A /* MessageService.swift in Sources */ = {isa = PBXBuildFile; fileRef = BF3E723C2889800700C9B79A /* MessageService.swift */; };
		BF3E723F2889806900C9B79A /* MessageWebService.swift in Sources */ = {isa = PBXBuildFile; fileRef = BF3E723E2889806900C9B79A /* MessageWebService.swift */; };
		BF3E7241288B1B6200C9B79A /* Match.swift in Sources */ = {isa = PBXBuildFile; fileRef = BF3E7240288B1B6200C9B79A /* Match.swift */; };
		BF6767A12890C8D7009CE728 /* RestaurantDetailViewController.swift in Sources */ = {isa = PBXBuildFile; fileRef = BF67679F2890C8D7009CE728 /* RestaurantDetailViewController.swift */; };
		BF6767A22890C8D7009CE728 /* RestaurantDetailViewController.xib in Resources */ = {isa = PBXBuildFile; fileRef = BF6767A02890C8D7009CE728 /* RestaurantDetailViewController.xib */; };
		BF7D7E562880919400ACC09F /* AppDelegate.swift in Sources */ = {isa = PBXBuildFile; fileRef = BF7D7E552880919400ACC09F /* AppDelegate.swift */; };
		BF7D7E5F2880919500ACC09F /* Assets.xcassets in Resources */ = {isa = PBXBuildFile; fileRef = BF7D7E5E2880919500ACC09F /* Assets.xcassets */; };
		BF7D7E622880919500ACC09F /* LaunchScreen.storyboard in Resources */ = {isa = PBXBuildFile; fileRef = BF7D7E602880919500ACC09F /* LaunchScreen.storyboard */; };
		BF7D7E6B288093C700ACC09F /* SigninViewController.swift in Sources */ = {isa = PBXBuildFile; fileRef = BF7D7E69288093C700ACC09F /* SigninViewController.swift */; };
		BF7D7E6C288093C700ACC09F /* SigninViewController.xib in Resources */ = {isa = PBXBuildFile; fileRef = BF7D7E6A288093C700ACC09F /* SigninViewController.xib */; };
		BF7D7E6F288093DC00ACC09F /* SignupViewController.swift in Sources */ = {isa = PBXBuildFile; fileRef = BF7D7E6D288093DC00ACC09F /* SignupViewController.swift */; };
		BF7D7E70288093DC00ACC09F /* SignupViewController.xib in Resources */ = {isa = PBXBuildFile; fileRef = BF7D7E6E288093DC00ACC09F /* SignupViewController.xib */; };
		BF7D7E732880A24800ACC09F /* Localizable.strings in Resources */ = {isa = PBXBuildFile; fileRef = BF7D7E752880A24800ACC09F /* Localizable.strings */; };
		BF7D7E822885981800ACC09F /* RestaurantDetail.swift in Sources */ = {isa = PBXBuildFile; fileRef = BF7D7E812885981800ACC09F /* RestaurantDetail.swift */; };
		BF7D7E862885A61300ACC09F /* Token.swift in Sources */ = {isa = PBXBuildFile; fileRef = BF7D7E852885A61300ACC09F /* Token.swift */; };
		BF7D7E902885BB5300ACC09F /* UserLike.swift in Sources */ = {isa = PBXBuildFile; fileRef = BF7D7E8F2885BB5300ACC09F /* UserLike.swift */; };
		BF7D7E922885BB6800ACC09F /* RestaurantLike.swift in Sources */ = {isa = PBXBuildFile; fileRef = BF7D7E912885BB6800ACC09F /* RestaurantLike.swift */; };
		BF7D7E942885BB7D00ACC09F /* User.swift in Sources */ = {isa = PBXBuildFile; fileRef = BF7D7E932885BB7D00ACC09F /* User.swift */; };
		BF7D7E962886F6D900ACC09F /* LikedUser.swift in Sources */ = {isa = PBXBuildFile; fileRef = BF7D7E952886F6D900ACC09F /* LikedUser.swift */; };
		BF7D7E982886F6EE00ACC09F /* LikingUser.swift in Sources */ = {isa = PBXBuildFile; fileRef = BF7D7E972886F6EE00ACC09F /* LikingUser.swift */; };
		BF7D7E9A2886F98C00ACC09F /* RestaurantLocation.swift in Sources */ = {isa = PBXBuildFile; fileRef = BF7D7E992886F98C00ACC09F /* RestaurantLocation.swift */; };
		BF7D7EA3288740D400ACC09F /* YelpService.swift in Sources */ = {isa = PBXBuildFile; fileRef = BF7D7EA2288740D400ACC09F /* YelpService.swift */; };
		BF7D7EA5288740F700ACC09F /* YelpWebService.swift in Sources */ = {isa = PBXBuildFile; fileRef = BF7D7EA4288740F700ACC09F /* YelpWebService.swift */; };
		BF7D7EA72887410400ACC09F /* UserService.swift in Sources */ = {isa = PBXBuildFile; fileRef = BF7D7EA62887410400ACC09F /* UserService.swift */; };
		BF7D7EA92887411600ACC09F /* AuthService.swift in Sources */ = {isa = PBXBuildFile; fileRef = BF7D7EA82887411600ACC09F /* AuthService.swift */; };
		BF7D7EAB2887413600ACC09F /* UserLikeService.swift in Sources */ = {isa = PBXBuildFile; fileRef = BF7D7EAA2887413600ACC09F /* UserLikeService.swift */; };
		BF7D7EAD2887415000ACC09F /* RestaurantLikeService.swift in Sources */ = {isa = PBXBuildFile; fileRef = BF7D7EAC2887415000ACC09F /* RestaurantLikeService.swift */; };
		BF8354512890395F00C1C7F2 /* HomeTableViewCell.swift in Sources */ = {isa = PBXBuildFile; fileRef = BF83544F2890395F00C1C7F2 /* HomeTableViewCell.swift */; };
		BF8354522890395F00C1C7F2 /* HomeTableViewCell.xib in Resources */ = {isa = PBXBuildFile; fileRef = BF8354502890395F00C1C7F2 /* HomeTableViewCell.xib */; };
		BF8354552890671800C1C7F2 /* HomeViewController.swift in Sources */ = {isa = PBXBuildFile; fileRef = BF8354532890671800C1C7F2 /* HomeViewController.swift */; };
		BF8354562890671800C1C7F2 /* HomeViewController.xib in Resources */ = {isa = PBXBuildFile; fileRef = BF8354542890671800C1C7F2 /* HomeViewController.xib */; };
/* End PBXBuildFile section */

/* Begin PBXFileReference section */
		2A13CA7B28896F5500D85A72 /* ProfileViewController.xib */ = {isa = PBXFileReference; fileEncoding = 4; lastKnownFileType = file.xib; path = ProfileViewController.xib; sourceTree = "<group>"; };
		2A13CA7C28896F5500D85A72 /* RestaurantViewController.xib */ = {isa = PBXFileReference; fileEncoding = 4; lastKnownFileType = file.xib; path = RestaurantViewController.xib; sourceTree = "<group>"; };
		2A13CA7D28896F5500D85A72 /* ProfileViewController.swift */ = {isa = PBXFileReference; fileEncoding = 4; lastKnownFileType = sourcecode.swift; path = ProfileViewController.swift; sourceTree = "<group>"; };
		2A13CA8028896F5500D85A72 /* RestaurantViewController.swift */ = {isa = PBXFileReference; fileEncoding = 4; lastKnownFileType = sourcecode.swift; path = RestaurantViewController.swift; sourceTree = "<group>"; };
		2A13CA8928896FD400D85A72 /* MessageViewController.xib */ = {isa = PBXFileReference; lastKnownFileType = file.xib; path = MessageViewController.xib; sourceTree = "<group>"; };
		2A13CA8A28896FD700D85A72 /* MessageViewController.swift */ = {isa = PBXFileReference; lastKnownFileType = sourcecode.swift; path = MessageViewController.swift; sourceTree = "<group>"; };
		2A13CA8C28896FD800D85A72 /* DetailsMessageViewController.xib */ = {isa = PBXFileReference; lastKnownFileType = file.xib; path = DetailsMessageViewController.xib; sourceTree = "<group>"; };
		2A13CA8D28896FDA00D85A72 /* DetailsMessageViewController.swift */ = {isa = PBXFileReference; lastKnownFileType = sourcecode.swift; path = DetailsMessageViewController.swift; sourceTree = "<group>"; };
		2A4402D9288E2AC30066442C /* MatchViewController.swift */ = {isa = PBXFileReference; lastKnownFileType = sourcecode.swift; path = MatchViewController.swift; sourceTree = "<group>"; };
		2A4402DA288E2AC30066442C /* MatchViewController.xib */ = {isa = PBXFileReference; lastKnownFileType = file.xib; path = MatchViewController.xib; sourceTree = "<group>"; };
		BF3E72302887571C00C9B79A /* RestaurantLikeByUser.swift */ = {isa = PBXFileReference; lastKnownFileType = sourcecode.swift; path = RestaurantLikeByUser.swift; sourceTree = "<group>"; };
		BF3E72322888E72800C9B79A /* UserWebService.swift */ = {isa = PBXFileReference; lastKnownFileType = sourcecode.swift; path = UserWebService.swift; sourceTree = "<group>"; };
		BF3E72342888E73600C9B79A /* AuthWebService.swift */ = {isa = PBXFileReference; lastKnownFileType = sourcecode.swift; path = AuthWebService.swift; sourceTree = "<group>"; };
		BF3E72362888E74500C9B79A /* RestaurantLikeWebService.swift */ = {isa = PBXFileReference; lastKnownFileType = sourcecode.swift; path = RestaurantLikeWebService.swift; sourceTree = "<group>"; };
		BF3E72382888E75300C9B79A /* UserLikeWebService.swift */ = {isa = PBXFileReference; lastKnownFileType = sourcecode.swift; path = UserLikeWebService.swift; sourceTree = "<group>"; };
		BF3E723A28897EE500C9B79A /* Message.swift */ = {isa = PBXFileReference; lastKnownFileType = sourcecode.swift; path = Message.swift; sourceTree = "<group>"; };
		BF3E723C2889800700C9B79A /* MessageService.swift */ = {isa = PBXFileReference; lastKnownFileType = sourcecode.swift; path = MessageService.swift; sourceTree = "<group>"; };
		BF3E723E2889806900C9B79A /* MessageWebService.swift */ = {isa = PBXFileReference; lastKnownFileType = sourcecode.swift; path = MessageWebService.swift; sourceTree = "<group>"; };
		BF3E7240288B1B6200C9B79A /* Match.swift */ = {isa = PBXFileReference; lastKnownFileType = sourcecode.swift; path = Match.swift; sourceTree = "<group>"; };
		BF67679F2890C8D7009CE728 /* RestaurantDetailViewController.swift */ = {isa = PBXFileReference; lastKnownFileType = sourcecode.swift; path = RestaurantDetailViewController.swift; sourceTree = "<group>"; };
		BF6767A02890C8D7009CE728 /* RestaurantDetailViewController.xib */ = {isa = PBXFileReference; lastKnownFileType = file.xib; path = RestaurantDetailViewController.xib; sourceTree = "<group>"; };
		BF7D7E522880919400ACC09F /* Don't eat alone.app */ = {isa = PBXFileReference; explicitFileType = wrapper.application; includeInIndex = 0; path = "Don't eat alone.app"; sourceTree = BUILT_PRODUCTS_DIR; };
		BF7D7E552880919400ACC09F /* AppDelegate.swift */ = {isa = PBXFileReference; lastKnownFileType = sourcecode.swift; path = AppDelegate.swift; sourceTree = "<group>"; };
		BF7D7E5E2880919500ACC09F /* Assets.xcassets */ = {isa = PBXFileReference; lastKnownFileType = folder.assetcatalog; path = Assets.xcassets; sourceTree = "<group>"; };
		BF7D7E612880919500ACC09F /* Base */ = {isa = PBXFileReference; lastKnownFileType = file.storyboard; name = Base; path = Base.lproj/LaunchScreen.storyboard; sourceTree = "<group>"; };
		BF7D7E632880919500ACC09F /* Info.plist */ = {isa = PBXFileReference; lastKnownFileType = text.plist.xml; path = Info.plist; sourceTree = "<group>"; };
		BF7D7E69288093C700ACC09F /* SigninViewController.swift */ = {isa = PBXFileReference; lastKnownFileType = sourcecode.swift; path = SigninViewController.swift; sourceTree = "<group>"; };
		BF7D7E6A288093C700ACC09F /* SigninViewController.xib */ = {isa = PBXFileReference; lastKnownFileType = file.xib; path = SigninViewController.xib; sourceTree = "<group>"; };
		BF7D7E6D288093DC00ACC09F /* SignupViewController.swift */ = {isa = PBXFileReference; lastKnownFileType = sourcecode.swift; path = SignupViewController.swift; sourceTree = "<group>"; };
		BF7D7E6E288093DC00ACC09F /* SignupViewController.xib */ = {isa = PBXFileReference; lastKnownFileType = file.xib; path = SignupViewController.xib; sourceTree = "<group>"; };
		BF7D7E742880A24800ACC09F /* en */ = {isa = PBXFileReference; lastKnownFileType = text.plist.strings; name = en; path = en.lproj/Localizable.strings; sourceTree = "<group>"; };
		BF7D7E7B2880A34000ACC09F /* fr */ = {isa = PBXFileReference; lastKnownFileType = text.plist.strings; name = fr; path = fr.lproj/Localizable.strings; sourceTree = "<group>"; };
		BF7D7E812885981800ACC09F /* RestaurantDetail.swift */ = {isa = PBXFileReference; lastKnownFileType = sourcecode.swift; path = RestaurantDetail.swift; sourceTree = "<group>"; };
		BF7D7E852885A61300ACC09F /* Token.swift */ = {isa = PBXFileReference; lastKnownFileType = sourcecode.swift; path = Token.swift; sourceTree = "<group>"; };
		BF7D7E8F2885BB5300ACC09F /* UserLike.swift */ = {isa = PBXFileReference; lastKnownFileType = sourcecode.swift; path = UserLike.swift; sourceTree = "<group>"; };
		BF7D7E912885BB6800ACC09F /* RestaurantLike.swift */ = {isa = PBXFileReference; lastKnownFileType = sourcecode.swift; path = RestaurantLike.swift; sourceTree = "<group>"; };
		BF7D7E932885BB7D00ACC09F /* User.swift */ = {isa = PBXFileReference; lastKnownFileType = sourcecode.swift; path = User.swift; sourceTree = "<group>"; };
		BF7D7E952886F6D900ACC09F /* LikedUser.swift */ = {isa = PBXFileReference; lastKnownFileType = sourcecode.swift; path = LikedUser.swift; sourceTree = "<group>"; };
		BF7D7E972886F6EE00ACC09F /* LikingUser.swift */ = {isa = PBXFileReference; lastKnownFileType = sourcecode.swift; path = LikingUser.swift; sourceTree = "<group>"; };
		BF7D7E992886F98C00ACC09F /* RestaurantLocation.swift */ = {isa = PBXFileReference; lastKnownFileType = sourcecode.swift; path = RestaurantLocation.swift; sourceTree = "<group>"; };
		BF7D7EA2288740D400ACC09F /* YelpService.swift */ = {isa = PBXFileReference; lastKnownFileType = sourcecode.swift; path = YelpService.swift; sourceTree = "<group>"; };
		BF7D7EA4288740F700ACC09F /* YelpWebService.swift */ = {isa = PBXFileReference; lastKnownFileType = sourcecode.swift; path = YelpWebService.swift; sourceTree = "<group>"; };
		BF7D7EA62887410400ACC09F /* UserService.swift */ = {isa = PBXFileReference; lastKnownFileType = sourcecode.swift; path = UserService.swift; sourceTree = "<group>"; };
		BF7D7EA82887411600ACC09F /* AuthService.swift */ = {isa = PBXFileReference; lastKnownFileType = sourcecode.swift; path = AuthService.swift; sourceTree = "<group>"; };
		BF7D7EAA2887413600ACC09F /* UserLikeService.swift */ = {isa = PBXFileReference; lastKnownFileType = sourcecode.swift; path = UserLikeService.swift; sourceTree = "<group>"; };
		BF7D7EAC2887415000ACC09F /* RestaurantLikeService.swift */ = {isa = PBXFileReference; lastKnownFileType = sourcecode.swift; path = RestaurantLikeService.swift; sourceTree = "<group>"; };
		BF83544F2890395F00C1C7F2 /* HomeTableViewCell.swift */ = {isa = PBXFileReference; lastKnownFileType = sourcecode.swift; path = HomeTableViewCell.swift; sourceTree = "<group>"; };
		BF8354502890395F00C1C7F2 /* HomeTableViewCell.xib */ = {isa = PBXFileReference; lastKnownFileType = file.xib; path = HomeTableViewCell.xib; sourceTree = "<group>"; };
		BF8354532890671800C1C7F2 /* HomeViewController.swift */ = {isa = PBXFileReference; lastKnownFileType = sourcecode.swift; path = HomeViewController.swift; sourceTree = "<group>"; };
		BF8354542890671800C1C7F2 /* HomeViewController.xib */ = {isa = PBXFileReference; lastKnownFileType = file.xib; path = HomeViewController.xib; sourceTree = "<group>"; };
/* End PBXFileReference section */

/* Begin PBXFrameworksBuildPhase section */
		BF7D7E4F2880919400ACC09F /* Frameworks */ = {
			isa = PBXFrameworksBuildPhase;
			buildActionMask = 2147483647;
			files = (
			);
			runOnlyForDeploymentPostprocessing = 0;
		};
/* End PBXFrameworksBuildPhase section */

/* Begin PBXGroup section */
		BF7D7E492880919400ACC09F = {
			isa = PBXGroup;
			children = (
				BF7D7E542880919400ACC09F /* Don't eat alone */,
				BF7D7E532880919400ACC09F /* Products */,
			);
			sourceTree = "<group>";
		};
		BF7D7E532880919400ACC09F /* Products */ = {
			isa = PBXGroup;
			children = (
				BF7D7E522880919400ACC09F /* Don't eat alone.app */,
			);
			name = Products;
			sourceTree = "<group>";
		};
		BF7D7E542880919400ACC09F /* Don't eat alone */ = {
			isa = PBXGroup;
			children = (
				BF7D7EA02887408700ACC09F /* Platforms */,
				BF7D7E8028858F0B00ACC09F /* Controllers */,
				BF7D7E7D28858EA500ACC09F /* Definition */,
				BF7D7E552880919400ACC09F /* AppDelegate.swift */,
				BF7D7E5E2880919500ACC09F /* Assets.xcassets */,
				BF7D7E602880919500ACC09F /* LaunchScreen.storyboard */,
				BF7D7E632880919500ACC09F /* Info.plist */,
				BF7D7E752880A24800ACC09F /* Localizable.strings */,
			);
			path = "Don't eat alone";
			sourceTree = "<group>";
		};
		BF7D7E7D28858EA500ACC09F /* Definition */ = {
			isa = PBXGroup;
			children = (
				BF7D7E7E28858EC700ACC09F /* Model */,
				BF7D7E7F28858ECE00ACC09F /* Services */,
			);
			path = Definition;
			sourceTree = "<group>";
		};
		BF7D7E7E28858EC700ACC09F /* Model */ = {
			isa = PBXGroup;
			children = (
				BF7D7E932885BB7D00ACC09F /* User.swift */,
				BF7D7E852885A61300ACC09F /* Token.swift */,
				BF7D7E912885BB6800ACC09F /* RestaurantLike.swift */,
				BF3E72302887571C00C9B79A /* RestaurantLikeByUser.swift */,
				BF7D7E8F2885BB5300ACC09F /* UserLike.swift */,
				BF7D7E952886F6D900ACC09F /* LikedUser.swift */,
				BF7D7E972886F6EE00ACC09F /* LikingUser.swift */,
				BF3E7240288B1B6200C9B79A /* Match.swift */,
				BF3E723A28897EE500C9B79A /* Message.swift */,
				BF7D7E812885981800ACC09F /* RestaurantDetail.swift */,
				BF7D7E992886F98C00ACC09F /* RestaurantLocation.swift */,
			);
			path = Model;
			sourceTree = "<group>";
		};
		BF7D7E7F28858ECE00ACC09F /* Services */ = {
			isa = PBXGroup;
			children = (
				BF7D7EA62887410400ACC09F /* UserService.swift */,
				BF7D7EA82887411600ACC09F /* AuthService.swift */,
				BF7D7EAC2887415000ACC09F /* RestaurantLikeService.swift */,
				BF7D7EAA2887413600ACC09F /* UserLikeService.swift */,
				BF3E723C2889800700C9B79A /* MessageService.swift */,
				BF7D7EA2288740D400ACC09F /* YelpService.swift */,
			);
			path = Services;
			sourceTree = "<group>";
		};
		BF7D7E8028858F0B00ACC09F /* Controllers */ = {
			isa = PBXGroup;
			children = (
				BF7D7E69288093C700ACC09F /* SigninViewController.swift */,
				BF7D7E6A288093C700ACC09F /* SigninViewController.xib */,
				BF7D7E6D288093DC00ACC09F /* SignupViewController.swift */,
				BF7D7E6E288093DC00ACC09F /* SignupViewController.xib */,
				BF8354532890671800C1C7F2 /* HomeViewController.swift */,
				BF8354542890671800C1C7F2 /* HomeViewController.xib */,
				BF83544F2890395F00C1C7F2 /* HomeTableViewCell.swift */,
				BF8354502890395F00C1C7F2 /* HomeTableViewCell.xib */,
				2A13CA8028896F5500D85A72 /* RestaurantViewController.swift */,
				2A13CA7C28896F5500D85A72 /* RestaurantViewController.xib */,
				2A4402D9288E2AC30066442C /* MatchViewController.swift */,
				2A4402DA288E2AC30066442C /* MatchViewController.xib */,
				2A13CA8A28896FD700D85A72 /* MessageViewController.swift */,
				2A13CA8928896FD400D85A72 /* MessageViewController.xib */,
				2A13CA8D28896FDA00D85A72 /* DetailsMessageViewController.swift */,
				2A13CA8C28896FD800D85A72 /* DetailsMessageViewController.xib */,
				2A13CA7D28896F5500D85A72 /* ProfileViewController.swift */,
				2A13CA7B28896F5500D85A72 /* ProfileViewController.xib */,
				BF67679F2890C8D7009CE728 /* RestaurantDetailViewController.swift */,
				BF6767A02890C8D7009CE728 /* RestaurantDetailViewController.xib */,
			);
			path = Controllers;
			sourceTree = "<group>";
		};
		BF7D7EA02887408700ACC09F /* Platforms */ = {
			isa = PBXGroup;
			children = (
				BF7D7EA12887409600ACC09F /* Webservices */,
			);
			path = Platforms;
			sourceTree = "<group>";
		};
		BF7D7EA12887409600ACC09F /* Webservices */ = {
			isa = PBXGroup;
			children = (
				BF3E72322888E72800C9B79A /* UserWebService.swift */,
				BF3E72342888E73600C9B79A /* AuthWebService.swift */,
				BF3E72362888E74500C9B79A /* RestaurantLikeWebService.swift */,
				BF3E72382888E75300C9B79A /* UserLikeWebService.swift */,
				BF3E723E2889806900C9B79A /* MessageWebService.swift */,
				BF7D7EA4288740F700ACC09F /* YelpWebService.swift */,
			);
			path = Webservices;
			sourceTree = "<group>";
		};
/* End PBXGroup section */

/* Begin PBXNativeTarget section */
		BF7D7E512880919400ACC09F /* Don't eat alone */ = {
			isa = PBXNativeTarget;
			buildConfigurationList = BF7D7E662880919500ACC09F /* Build configuration list for PBXNativeTarget "Don't eat alone" */;
			buildPhases = (
				BF7D7E4E2880919400ACC09F /* Sources */,
				BF7D7E4F2880919400ACC09F /* Frameworks */,
				BF7D7E502880919400ACC09F /* Resources */,
			);
			buildRules = (
			);
			dependencies = (
			);
			name = "Don't eat alone";
			productName = "Don't eat alone";
			productReference = BF7D7E522880919400ACC09F /* Don't eat alone.app */;
			productType = "com.apple.product-type.application";
		};
/* End PBXNativeTarget section */

/* Begin PBXProject section */
		BF7D7E4A2880919400ACC09F /* Project object */ = {
			isa = PBXProject;
			attributes = {
				BuildIndependentTargetsInParallel = 1;
				LastSwiftUpdateCheck = 1340;
				LastUpgradeCheck = 1340;
				TargetAttributes = {
					BF7D7E512880919400ACC09F = {
						CreatedOnToolsVersion = 13.4.1;
					};
				};
			};
			buildConfigurationList = BF7D7E4D2880919400ACC09F /* Build configuration list for PBXProject "Don't eat alone" */;
			compatibilityVersion = "Xcode 13.0";
			developmentRegion = en;
			hasScannedForEncodings = 0;
			knownRegions = (
				en,
				Base,
				fr,
			);
			mainGroup = BF7D7E492880919400ACC09F;
			productRefGroup = BF7D7E532880919400ACC09F /* Products */;
			projectDirPath = "";
			projectRoot = "";
			targets = (
				BF7D7E512880919400ACC09F /* Don't eat alone */,
			);
		};
/* End PBXProject section */

/* Begin PBXResourcesBuildPhase section */
		BF7D7E502880919400ACC09F /* Resources */ = {
			isa = PBXResourcesBuildPhase;
			buildActionMask = 2147483647;
			files = (
				2A13CA8228896F5500D85A72 /* ProfileViewController.xib in Resources */,
				BF7D7E732880A24800ACC09F /* Localizable.strings in Resources */,
				BF7D7E6C288093C700ACC09F /* SigninViewController.xib in Resources */,
				BF6767A22890C8D7009CE728 /* RestaurantDetailViewController.xib in Resources */,
				BF7D7E622880919500ACC09F /* LaunchScreen.storyboard in Resources */,
				BF7D7E70288093DC00ACC09F /* SignupViewController.xib in Resources */,
				2A4402DC288E2AC30066442C /* MatchViewController.xib in Resources */,
				BF7D7E5F2880919500ACC09F /* Assets.xcassets in Resources */,
				BF8354562890671800C1C7F2 /* HomeViewController.xib in Resources */,
				2A13CA8328896F5500D85A72 /* RestaurantViewController.xib in Resources */,
				BF8354522890395F00C1C7F2 /* HomeTableViewCell.xib in Resources */,
			);
			runOnlyForDeploymentPostprocessing = 0;
		};
/* End PBXResourcesBuildPhase section */

/* Begin PBXSourcesBuildPhase section */
		BF7D7E4E2880919400ACC09F /* Sources */ = {
			isa = PBXSourcesBuildPhase;
			buildActionMask = 2147483647;
			files = (
				BF7D7E982886F6EE00ACC09F /* LikingUser.swift in Sources */,
				2A13CA8728896F5500D85A72 /* RestaurantViewController.swift in Sources */,
				BF7D7EA3288740D400ACC09F /* YelpService.swift in Sources */,
				BF8354552890671800C1C7F2 /* HomeViewController.swift in Sources */,
				BF7D7EAB2887413600ACC09F /* UserLikeService.swift in Sources */,
				BF7D7E6F288093DC00ACC09F /* SignupViewController.swift in Sources */,
				BF3E723F2889806900C9B79A /* MessageWebService.swift in Sources */,
				BF3E72332888E72800C9B79A /* UserWebService.swift in Sources */,
				BF3E72312887571C00C9B79A /* RestaurantLikeByUser.swift in Sources */,
				BF7D7EAD2887415000ACC09F /* RestaurantLikeService.swift in Sources */,
				BF7D7E922885BB6800ACC09F /* RestaurantLike.swift in Sources */,
				BF6767A12890C8D7009CE728 /* RestaurantDetailViewController.swift in Sources */,
				2A13CA8428896F5500D85A72 /* ProfileViewController.swift in Sources */,
				BF7D7E9A2886F98C00ACC09F /* RestaurantLocation.swift in Sources */,
				BF3E72352888E73600C9B79A /* AuthWebService.swift in Sources */,
				BF7D7E822885981800ACC09F /* RestaurantDetail.swift in Sources */,
				BF3E723D2889800700C9B79A /* MessageService.swift in Sources */,
				BF7D7E862885A61300ACC09F /* Token.swift in Sources */,
				2A4402DB288E2AC30066442C /* MatchViewController.swift in Sources */,
				BF3E72392888E75300C9B79A /* UserLikeWebService.swift in Sources */,
				BF3E7241288B1B6200C9B79A /* Match.swift in Sources */,
				BF7D7E942885BB7D00ACC09F /* User.swift in Sources */,
				BF7D7E6B288093C700ACC09F /* SigninViewController.swift in Sources */,
				2A13CA8B28896FD700D85A72 /* MessageViewController.swift in Sources */,
				BF7D7E962886F6D900ACC09F /* LikedUser.swift in Sources */,
				BF7D7EA72887410400ACC09F /* UserService.swift in Sources */,
				BF7D7E902885BB5300ACC09F /* UserLike.swift in Sources */,
				BF7D7EA92887411600ACC09F /* AuthService.swift in Sources */,
				BF3E72372888E74500C9B79A /* RestaurantLikeWebService.swift in Sources */,
				BF7D7EA5288740F700ACC09F /* YelpWebService.swift in Sources */,
				BF3E723B28897EE500C9B79A /* Message.swift in Sources */,
				BF7D7E562880919400ACC09F /* AppDelegate.swift in Sources */,
				BF8354512890395F00C1C7F2 /* HomeTableViewCell.swift in Sources */,
				2A13CA8F28896FDA00D85A72 /* DetailsMessageViewController.swift in Sources */,
			);
			runOnlyForDeploymentPostprocessing = 0;
		};
/* End PBXSourcesBuildPhase section */

/* Begin PBXVariantGroup section */
		BF7D7E602880919500ACC09F /* LaunchScreen.storyboard */ = {
			isa = PBXVariantGroup;
			children = (
				BF7D7E612880919500ACC09F /* Base */,
			);
			name = LaunchScreen.storyboard;
			sourceTree = "<group>";
		};
		BF7D7E752880A24800ACC09F /* Localizable.strings */ = {
			isa = PBXVariantGroup;
			children = (
				BF7D7E742880A24800ACC09F /* en */,
				BF7D7E7B2880A34000ACC09F /* fr */,
			);
			name = Localizable.strings;
			sourceTree = "<group>";
		};
/* End PBXVariantGroup section */

/* Begin XCBuildConfiguration section */
		BF7D7E642880919500ACC09F /* Debug */ = {
			isa = XCBuildConfiguration;
			buildSettings = {
				ALWAYS_SEARCH_USER_PATHS = NO;
				CLANG_ANALYZER_LOCALIZABILITY_NONLOCALIZED = YES;
				CLANG_ANALYZER_NONNULL = YES;
				CLANG_ANALYZER_NUMBER_OBJECT_CONVERSION = YES_AGGRESSIVE;
				CLANG_CXX_LANGUAGE_STANDARD = "gnu++17";
				CLANG_ENABLE_MODULES = YES;
				CLANG_ENABLE_OBJC_ARC = YES;
				CLANG_ENABLE_OBJC_WEAK = YES;
				CLANG_WARN_BLOCK_CAPTURE_AUTORELEASING = YES;
				CLANG_WARN_BOOL_CONVERSION = YES;
				CLANG_WARN_COMMA = YES;
				CLANG_WARN_CONSTANT_CONVERSION = YES;
				CLANG_WARN_DEPRECATED_OBJC_IMPLEMENTATIONS = YES;
				CLANG_WARN_DIRECT_OBJC_ISA_USAGE = YES_ERROR;
				CLANG_WARN_DOCUMENTATION_COMMENTS = YES;
				CLANG_WARN_EMPTY_BODY = YES;
				CLANG_WARN_ENUM_CONVERSION = YES;
				CLANG_WARN_INFINITE_RECURSION = YES;
				CLANG_WARN_INT_CONVERSION = YES;
				CLANG_WARN_NON_LITERAL_NULL_CONVERSION = YES;
				CLANG_WARN_OBJC_IMPLICIT_RETAIN_SELF = YES;
				CLANG_WARN_OBJC_LITERAL_CONVERSION = YES;
				CLANG_WARN_OBJC_ROOT_CLASS = YES_ERROR;
				CLANG_WARN_QUOTED_INCLUDE_IN_FRAMEWORK_HEADER = YES;
				CLANG_WARN_RANGE_LOOP_ANALYSIS = YES;
				CLANG_WARN_STRICT_PROTOTYPES = YES;
				CLANG_WARN_SUSPICIOUS_MOVE = YES;
				CLANG_WARN_UNGUARDED_AVAILABILITY = YES_AGGRESSIVE;
				CLANG_WARN_UNREACHABLE_CODE = YES;
				CLANG_WARN__DUPLICATE_METHOD_MATCH = YES;
				COPY_PHASE_STRIP = NO;
				DEBUG_INFORMATION_FORMAT = dwarf;
				ENABLE_STRICT_OBJC_MSGSEND = YES;
				ENABLE_TESTABILITY = YES;
				GCC_C_LANGUAGE_STANDARD = gnu11;
				GCC_DYNAMIC_NO_PIC = NO;
				GCC_NO_COMMON_BLOCKS = YES;
				GCC_OPTIMIZATION_LEVEL = 0;
				GCC_PREPROCESSOR_DEFINITIONS = (
					"DEBUG=1",
					"$(inherited)",
				);
				GCC_WARN_64_TO_32_BIT_CONVERSION = YES;
				GCC_WARN_ABOUT_RETURN_TYPE = YES_ERROR;
				GCC_WARN_UNDECLARED_SELECTOR = YES;
				GCC_WARN_UNINITIALIZED_AUTOS = YES_AGGRESSIVE;
				GCC_WARN_UNUSED_FUNCTION = YES;
				GCC_WARN_UNUSED_VARIABLE = YES;
				IPHONEOS_DEPLOYMENT_TARGET = 11.4;
				MTL_ENABLE_DEBUG_INFO = INCLUDE_SOURCE;
				MTL_FAST_MATH = YES;
				ONLY_ACTIVE_ARCH = YES;
				SDKROOT = iphoneos;
				SWIFT_ACTIVE_COMPILATION_CONDITIONS = DEBUG;
				SWIFT_OPTIMIZATION_LEVEL = "-Onone";
			};
			name = Debug;
		};
		BF7D7E652880919500ACC09F /* Release */ = {
			isa = XCBuildConfiguration;
			buildSettings = {
				ALWAYS_SEARCH_USER_PATHS = NO;
				CLANG_ANALYZER_LOCALIZABILITY_NONLOCALIZED = YES;
				CLANG_ANALYZER_NONNULL = YES;
				CLANG_ANALYZER_NUMBER_OBJECT_CONVERSION = YES_AGGRESSIVE;
				CLANG_CXX_LANGUAGE_STANDARD = "gnu++17";
				CLANG_ENABLE_MODULES = YES;
				CLANG_ENABLE_OBJC_ARC = YES;
				CLANG_ENABLE_OBJC_WEAK = YES;
				CLANG_WARN_BLOCK_CAPTURE_AUTORELEASING = YES;
				CLANG_WARN_BOOL_CONVERSION = YES;
				CLANG_WARN_COMMA = YES;
				CLANG_WARN_CONSTANT_CONVERSION = YES;
				CLANG_WARN_DEPRECATED_OBJC_IMPLEMENTATIONS = YES;
				CLANG_WARN_DIRECT_OBJC_ISA_USAGE = YES_ERROR;
				CLANG_WARN_DOCUMENTATION_COMMENTS = YES;
				CLANG_WARN_EMPTY_BODY = YES;
				CLANG_WARN_ENUM_CONVERSION = YES;
				CLANG_WARN_INFINITE_RECURSION = YES;
				CLANG_WARN_INT_CONVERSION = YES;
				CLANG_WARN_NON_LITERAL_NULL_CONVERSION = YES;
				CLANG_WARN_OBJC_IMPLICIT_RETAIN_SELF = YES;
				CLANG_WARN_OBJC_LITERAL_CONVERSION = YES;
				CLANG_WARN_OBJC_ROOT_CLASS = YES_ERROR;
				CLANG_WARN_QUOTED_INCLUDE_IN_FRAMEWORK_HEADER = YES;
				CLANG_WARN_RANGE_LOOP_ANALYSIS = YES;
				CLANG_WARN_STRICT_PROTOTYPES = YES;
				CLANG_WARN_SUSPICIOUS_MOVE = YES;
				CLANG_WARN_UNGUARDED_AVAILABILITY = YES_AGGRESSIVE;
				CLANG_WARN_UNREACHABLE_CODE = YES;
				CLANG_WARN__DUPLICATE_METHOD_MATCH = YES;
				COPY_PHASE_STRIP = NO;
				DEBUG_INFORMATION_FORMAT = "dwarf-with-dsym";
				ENABLE_NS_ASSERTIONS = NO;
				ENABLE_STRICT_OBJC_MSGSEND = YES;
				GCC_C_LANGUAGE_STANDARD = gnu11;
				GCC_NO_COMMON_BLOCKS = YES;
				GCC_WARN_64_TO_32_BIT_CONVERSION = YES;
				GCC_WARN_ABOUT_RETURN_TYPE = YES_ERROR;
				GCC_WARN_UNDECLARED_SELECTOR = YES;
				GCC_WARN_UNINITIALIZED_AUTOS = YES_AGGRESSIVE;
				GCC_WARN_UNUSED_FUNCTION = YES;
				GCC_WARN_UNUSED_VARIABLE = YES;
				IPHONEOS_DEPLOYMENT_TARGET = 11.4;
				MTL_ENABLE_DEBUG_INFO = NO;
				MTL_FAST_MATH = YES;
				SDKROOT = iphoneos;
				SWIFT_COMPILATION_MODE = wholemodule;
				SWIFT_OPTIMIZATION_LEVEL = "-O";
				VALIDATE_PRODUCT = YES;
			};
			name = Release;
		};
		BF7D7E672880919500ACC09F /* Debug */ = {
			isa = XCBuildConfiguration;
			buildSettings = {
				ASSETCATALOG_COMPILER_APPICON_NAME = AppIcon;
				ASSETCATALOG_COMPILER_GLOBAL_ACCENT_COLOR_NAME = AccentColor;
				CODE_SIGN_STYLE = Automatic;
				CURRENT_PROJECT_VERSION = 1;
				GENERATE_INFOPLIST_FILE = YES;
				INFOPLIST_FILE = "Don't eat alone/Info.plist";
				INFOPLIST_KEY_UIApplicationSupportsIndirectInputEvents = YES;
				INFOPLIST_KEY_UILaunchStoryboardName = LaunchScreen;
				INFOPLIST_KEY_UISupportedInterfaceOrientations_iPad = "UIInterfaceOrientationPortrait UIInterfaceOrientationPortraitUpsideDown UIInterfaceOrientationLandscapeLeft UIInterfaceOrientationLandscapeRight";
				INFOPLIST_KEY_UISupportedInterfaceOrientations_iPhone = "UIInterfaceOrientationPortrait UIInterfaceOrientationLandscapeLeft UIInterfaceOrientationLandscapeRight";
				LD_RUNPATH_SEARCH_PATHS = (
					"$(inherited)",
					"@executable_path/Frameworks",
				);
				MARKETING_VERSION = 1.0;
				PRODUCT_BUNDLE_IDENTIFIER = "com.esgi.Don-t-eat-alone";
				PRODUCT_NAME = "$(TARGET_NAME)";
				SWIFT_EMIT_LOC_STRINGS = YES;
				SWIFT_VERSION = 5.0;
				TARGETED_DEVICE_FAMILY = "1,2";
			};
			name = Debug;
		};
		BF7D7E682880919500ACC09F /* Release */ = {
			isa = XCBuildConfiguration;
			buildSettings = {
				ASSETCATALOG_COMPILER_APPICON_NAME = AppIcon;
				ASSETCATALOG_COMPILER_GLOBAL_ACCENT_COLOR_NAME = AccentColor;
				CODE_SIGN_STYLE = Automatic;
				CURRENT_PROJECT_VERSION = 1;
				GENERATE_INFOPLIST_FILE = YES;
				INFOPLIST_FILE = "Don't eat alone/Info.plist";
				INFOPLIST_KEY_UIApplicationSupportsIndirectInputEvents = YES;
				INFOPLIST_KEY_UILaunchStoryboardName = LaunchScreen;
				INFOPLIST_KEY_UISupportedInterfaceOrientations_iPad = "UIInterfaceOrientationPortrait UIInterfaceOrientationPortraitUpsideDown UIInterfaceOrientationLandscapeLeft UIInterfaceOrientationLandscapeRight";
				INFOPLIST_KEY_UISupportedInterfaceOrientations_iPhone = "UIInterfaceOrientationPortrait UIInterfaceOrientationLandscapeLeft UIInterfaceOrientationLandscapeRight";
				LD_RUNPATH_SEARCH_PATHS = (
					"$(inherited)",
					"@executable_path/Frameworks",
				);
				MARKETING_VERSION = 1.0;
				PRODUCT_BUNDLE_IDENTIFIER = "com.esgi.Don-t-eat-alone";
				PRODUCT_NAME = "$(TARGET_NAME)";
				SWIFT_EMIT_LOC_STRINGS = YES;
				SWIFT_VERSION = 5.0;
				TARGETED_DEVICE_FAMILY = "1,2";
			};
			name = Release;
		};
/* End XCBuildConfiguration section */

/* Begin XCConfigurationList section */
		BF7D7E4D2880919400ACC09F /* Build configuration list for PBXProject "Don't eat alone" */ = {
			isa = XCConfigurationList;
			buildConfigurations = (
				BF7D7E642880919500ACC09F /* Debug */,
				BF7D7E652880919500ACC09F /* Release */,
			);
			defaultConfigurationIsVisible = 0;
			defaultConfigurationName = Release;
		};
		BF7D7E662880919500ACC09F /* Build configuration list for PBXNativeTarget "Don't eat alone" */ = {
			isa = XCConfigurationList;
			buildConfigurations = (
				BF7D7E672880919500ACC09F /* Debug */,
				BF7D7E682880919500ACC09F /* Release */,
			);
			defaultConfigurationIsVisible = 0;
			defaultConfigurationName = Release;
		};
/* End XCConfigurationList section */
	};
	rootObject = BF7D7E4A2880919400ACC09F /* Project object */;
}
